
Microsoft Visual Studio Solution File, Format Version 12.00
# Visual Studio Version 17
VisualStudioVersion = 17.12.35527.113
MinimumVisualStudioVersion = 10.0.40219.1
Project("{FAE04EC0-301F-11D3-BF4B-00C04F79EFBC}") = "AsynchronousDownloader(1)", "AsynchronousDownloader(1)\AsynchronousDownloader(1).csproj", "{46C98873-8B36-47E2-A64C-E5E1DFC8EFF4}"
EndProject
Project("{FAE04EC0-301F-11D3-BF4B-00C04F79EFBC}") = "TaskParallelLibrary(2)", "TaskParallelLibrary(2)\TaskParallelLibrary(2).csproj", "{325E489F-7A6C-4AB1-A497-301DE7B12454}"
EndProject
Project("{FAE04EC0-301F-11D3-BF4B-00C04F79EFBC}") = "MultiThreading(3)", "MultiThreading(3)\MultiThreading(3).csproj", "{3071ACFD-8C55-43B4-8A2E-FB133B47247E}"
EndProject
Project("{FAE04EC0-301F-11D3-BF4B-00C04F79EFBC}") = "ThreadTracking(6)", "ThreadTracking(6)\ThreadTracking(6).csproj", "{B49D29CB-1340-4BEB-9F5C-A597DC7CAC3B}"
EndProject
Global
	GlobalSection(SolutionConfigurationPlatforms) = preSolution
		Debug|Any CPU = Debug|Any CPU
		Release|Any CPU = Release|Any CPU
	EndGlobalSection
	GlobalSection(ProjectConfigurationPlatforms) = postSolution
		{46C98873-8B36-47E2-A64C-E5E1DFC8EFF4}.Debug|Any CPU.ActiveCfg = Debug|Any CPU
		{46C98873-8B36-47E2-A64C-E5E1DFC8EFF4}.Debug|Any CPU.Build.0 = Debug|Any CPU
		{46C98873-8B36-47E2-A64C-E5E1DFC8EFF4}.Release|Any CPU.ActiveCfg = Release|Any CPU
		{46C98873-8B36-47E2-A64C-E5E1DFC8EFF4}.Release|Any CPU.Build.0 = Release|Any CPU
		{325E489F-7A6C-4AB1-A497-301DE7B12454}.Debug|Any CPU.ActiveCfg = Debug|Any CPU
		{325E489F-7A6C-4AB1-A497-301DE7B12454}.Debug|Any CPU.Build.0 = Debug|Any CPU
		{325E489F-7A6C-4AB1-A497-301DE7B12454}.Release|Any CPU.ActiveCfg = Release|Any CPU
		{325E489F-7A6C-4AB1-A497-301DE7B12454}.Release|Any CPU.Build.0 = Release|Any CPU
		{3071ACFD-8C55-43B4-8A2E-FB133B47247E}.Debug|Any CPU.ActiveCfg = Debug|Any CPU
		{3071ACFD-8C55-43B4-8A2E-FB133B47247E}.Debug|Any CPU.Build.0 = Debug|Any CPU
		{3071ACFD-8C55-43B4-8A2E-FB133B47247E}.Release|Any CPU.ActiveCfg = Release|Any CPU
		{3071ACFD-8C55-43B4-8A2E-FB133B47247E}.Release|Any CPU.Build.0 = Release|Any CPU
		{B49D29CB-1340-4BEB-9F5C-A597DC7CAC3B}.Debug|Any CPU.ActiveCfg = Debug|Any CPU
		{B49D29CB-1340-4BEB-9F5C-A597DC7CAC3B}.Debug|Any CPU.Build.0 = Debug|Any CPU
		{B49D29CB-1340-4BEB-9F5C-A597DC7CAC3B}.Release|Any CPU.ActiveCfg = Release|Any CPU
		{B49D29CB-1340-4BEB-9F5C-A597DC7CAC3B}.Release|Any CPU.Build.0 = Release|Any CPU
	EndGlobalSection
	GlobalSection(SolutionProperties) = preSolution
		HideSolutionNode = FALSE
	EndGlobalSection
EndGlobal
