
Microsoft Visual Studio Solution File, Format Version 12.00
# Visual Studio Version 17
VisualStudioVersion = 17.12.35527.113
MinimumVisualStudioVersion = 10.0.40219.1
Project("{FAE04EC0-301F-11D3-BF4B-00C04F79EFBC}") = "AssemblyMetadata(1)", "AssemblyMetadata(1)\AssemblyMetadata(1).csproj", "{9827AA92-957E-4411-870A-C29CCC52BA8E}"
EndProject
Project("{FAE04EC0-301F-11D3-BF4B-00C04F79EFBC}") = "DynamicObjectInspector(2)", "DynamicObjectInspector(2)\DynamicObjectInspector(2).csproj", "{A15ED204-4664-40A1-A2F5-447639B03BCF}"
EndProject
Project("{FAE04EC0-301F-11D3-BF4B-00C04F79EFBC}") = "DynamicMethodInvoker(3)", "DynamicMethodInvoker(3)\DynamicMethodInvoker(3).csproj", "{1850989A-640A-47F7-BD32-05964C38DC5F}"
EndProject
Project("{FAE04EC0-301F-11D3-BF4B-00C04F79EFBC}") = "DynamicTypeBuilder(4)", "DynamicTypeBuilder(4)\DynamicTypeBuilder(4).csproj", "{8A4CE08D-9558-4ECF-854B-EED63722985A}"
EndProject
Project("{FAE04EC0-301F-11D3-BF4B-00C04F79EFBC}") = "MockFramework(6)", "MockFramework(6)\MockFramework(6).csproj", "{F6D8D46D-2A9A-4A44-8527-B88AC055CBCD}"
EndProject
Project("{FAE04EC0-301F-11D3-BF4B-00C04F79EFBC}") = "MockTestFramework(6)", "MockTestFramework(6)\MockTestFramework(6).csproj", "{CFEAA84F-B5F3-4B1E-B5D0-7B129D27D4EC}"
EndProject
Project("{FAE04EC0-301F-11D3-BF4B-00C04F79EFBC}") = "SerializationAPI(7)", "SerializationAPI(7)\SerializationAPI(7).csproj", "{FEB84FBE-9733-409F-9752-F5070B2106ED}"
EndProject
Project("{FAE04EC0-301F-11D3-BF4B-00C04F79EFBC}") = "Serializer", "Serializer\Serializer.csproj", "{7BCB5E26-024D-4332-A214-79352A0A65C0}"
EndProject
Global
	GlobalSection(SolutionConfigurationPlatforms) = preSolution
		Debug|Any CPU = Debug|Any CPU
		Release|Any CPU = Release|Any CPU
	EndGlobalSection
	GlobalSection(ProjectConfigurationPlatforms) = postSolution
		{9827AA92-957E-4411-870A-C29CCC52BA8E}.Debug|Any CPU.ActiveCfg = Debug|Any CPU
		{9827AA92-957E-4411-870A-C29CCC52BA8E}.Debug|Any CPU.Build.0 = Debug|Any CPU
		{9827AA92-957E-4411-870A-C29CCC52BA8E}.Release|Any CPU.ActiveCfg = Release|Any CPU
		{9827AA92-957E-4411-870A-C29CCC52BA8E}.Release|Any CPU.Build.0 = Release|Any CPU
		{A15ED204-4664-40A1-A2F5-447639B03BCF}.Debug|Any CPU.ActiveCfg = Debug|Any CPU
		{A15ED204-4664-40A1-A2F5-447639B03BCF}.Debug|Any CPU.Build.0 = Debug|Any CPU
		{A15ED204-4664-40A1-A2F5-447639B03BCF}.Release|Any CPU.ActiveCfg = Release|Any CPU
		{A15ED204-4664-40A1-A2F5-447639B03BCF}.Release|Any CPU.Build.0 = Release|Any CPU
		{1850989A-640A-47F7-BD32-05964C38DC5F}.Debug|Any CPU.ActiveCfg = Debug|Any CPU
		{1850989A-640A-47F7-BD32-05964C38DC5F}.Debug|Any CPU.Build.0 = Debug|Any CPU
		{1850989A-640A-47F7-BD32-05964C38DC5F}.Release|Any CPU.ActiveCfg = Release|Any CPU
		{1850989A-640A-47F7-BD32-05964C38DC5F}.Release|Any CPU.Build.0 = Release|Any CPU
		{8A4CE08D-9558-4ECF-854B-EED63722985A}.Debug|Any CPU.ActiveCfg = Debug|Any CPU
		{8A4CE08D-9558-4ECF-854B-EED63722985A}.Debug|Any CPU.Build.0 = Debug|Any CPU
		{8A4CE08D-9558-4ECF-854B-EED63722985A}.Release|Any CPU.ActiveCfg = Release|Any CPU
		{8A4CE08D-9558-4ECF-854B-EED63722985A}.Release|Any CPU.Build.0 = Release|Any CPU
		{F6D8D46D-2A9A-4A44-8527-B88AC055CBCD}.Debug|Any CPU.ActiveCfg = Debug|Any CPU
		{F6D8D46D-2A9A-4A44-8527-B88AC055CBCD}.Debug|Any CPU.Build.0 = Debug|Any CPU
		{F6D8D46D-2A9A-4A44-8527-B88AC055CBCD}.Release|Any CPU.ActiveCfg = Release|Any CPU
		{F6D8D46D-2A9A-4A44-8527-B88AC055CBCD}.Release|Any CPU.Build.0 = Release|Any CPU
		{CFEAA84F-B5F3-4B1E-B5D0-7B129D27D4EC}.Debug|Any CPU.ActiveCfg = Debug|Any CPU
		{CFEAA84F-B5F3-4B1E-B5D0-7B129D27D4EC}.Debug|Any CPU.Build.0 = Debug|Any CPU
		{CFEAA84F-B5F3-4B1E-B5D0-7B129D27D4EC}.Release|Any CPU.ActiveCfg = Release|Any CPU
		{CFEAA84F-B5F3-4B1E-B5D0-7B129D27D4EC}.Release|Any CPU.Build.0 = Release|Any CPU
		{FEB84FBE-9733-409F-9752-F5070B2106ED}.Debug|Any CPU.ActiveCfg = Debug|Any CPU
		{FEB84FBE-9733-409F-9752-F5070B2106ED}.Debug|Any CPU.Build.0 = Debug|Any CPU
		{FEB84FBE-9733-409F-9752-F5070B2106ED}.Release|Any CPU.ActiveCfg = Release|Any CPU
		{FEB84FBE-9733-409F-9752-F5070B2106ED}.Release|Any CPU.Build.0 = Release|Any CPU
		{7BCB5E26-024D-4332-A214-79352A0A65C0}.Debug|Any CPU.ActiveCfg = Debug|Any CPU
		{7BCB5E26-024D-4332-A214-79352A0A65C0}.Debug|Any CPU.Build.0 = Debug|Any CPU
		{7BCB5E26-024D-4332-A214-79352A0A65C0}.Release|Any CPU.ActiveCfg = Release|Any CPU
		{7BCB5E26-024D-4332-A214-79352A0A65C0}.Release|Any CPU.Build.0 = Release|Any CPU
	EndGlobalSection
	GlobalSection(SolutionProperties) = preSolution
		HideSolutionNode = FALSE
	EndGlobalSection
EndGlobal
